<?xml version="1.0" encoding="utf-8"?>
<Project ToolsVersion="4.0" xmlns="http://schemas.microsoft.com/developer/msbuild/2003">
  <ItemGroup>
    <Filter Include="Исходные файлы">
      <UniqueIdentifier>{4FC737F1-C7A5-4376-A066-2A32D752A2FF}</UniqueIdentifier>
      <Extensions>cpp;c;cc;cxx;c++;cppm;ixx;def;odl;idl;hpj;bat;asm;asmx</Extensions>
    </Filter>
    <Filter Include="Файлы заголовков">
      <UniqueIdentifier>{93995380-89BD-4b04-88EB-625FBE52EBFB}</UniqueIdentifier>
      <Extensions>h;hh;hpp;hxx;h++;hm;inl;inc;ipp;xsd</Extensions>
    </Filter>
    <Filter Include="Файлы ресурсов">
      <UniqueIdentifier>{67DA6AB6-F800-4c08-8B7A-83BB121AAD01}</UniqueIdentifier>
      <Extensions>rc;ico;cur;bmp;dlg;rc2;rct;bin;rgs;gif;jpg;jpeg;jpe;resx;tiff;tif;png;wav;mfcribbon-ms</Extensions>
    </Filter>
    <Filter Include="Исходные файлы\Engine">
      <UniqueIdentifier>{63106027-68d8-4fc9-8344-88a7c58100e8}</UniqueIdentifier>
    </Filter>
    <Filter Include="Исходные файлы\Game">
      <UniqueIdentifier>{b0f89365-e26b-46db-9d6f-335dae3ba73a}</UniqueIdentifier>
    </Filter>
    <Filter Include="Файлы заголовков\Engine">
      <UniqueIdentifier>{ab504b30-4ffa-4bd8-8df3-40cb1d56c045}</UniqueIdentifier>
    </Filter>
    <Filter Include="Файлы заголовков\Game">
      <UniqueIdentifier>{045db025-a562-4ed4-acd3-27bcb775b5ec}</UniqueIdentifier>
    </Filter>
    <Filter Include="Файлы ресурсов\Shaders">
      <UniqueIdentifier>{0bf15d24-ef45-46fa-9cd4-9822064d0070}</UniqueIdentifier>
    </Filter>
    <Filter Include="Файлы ресурсов\Shaders\Simple">
      <UniqueIdentifier>{f22fb156-0bc8-494d-9bb6-047d09067bc2}</UniqueIdentifier>
    </Filter>
    <Filter Include="Файлы ресурсов\Shaders\Default">
      <UniqueIdentifier>{691a6bd6-0ebf-455f-b08b-c7a1f11a228c}</UniqueIdentifier>
    </Filter>
    <Filter Include="Файлы ресурсов\Shaders\Textured">
      <UniqueIdentifier>{331f9f4e-cfe2-48f3-bf2e-423f4f1ca25e}</UniqueIdentifier>
    </Filter>
    <Filter Include="Файлы ресурсов\Shaders\Shadow">
      <UniqueIdentifier>{8bfede72-e102-4603-8587-1a23a66a2242}</UniqueIdentifier>
    </Filter>
    <Filter Include="Файлы ресурсов\Shaders\GeometryPass">
      <UniqueIdentifier>{e7f0272f-bba0-418b-8a50-359e7cd0b01d}</UniqueIdentifier>
    </Filter>
    <Filter Include="Файлы ресурсов\Shaders\LightPass">
      <UniqueIdentifier>{ec19b5b5-2a98-4929-920d-9f7ea95478d1}</UniqueIdentifier>
    </Filter>
    <Filter Include="Файлы ресурсов\Shaders\ParticleSystem">
      <UniqueIdentifier>{444e92ce-a4cf-47b9-b45e-5c11cf553b75}</UniqueIdentifier>
    </Filter>
    <Filter Include="Исходные файлы\Engine\Pipelines">
      <UniqueIdentifier>{2ac7919c-fae6-4548-974a-b2f16f909350}</UniqueIdentifier>
    </Filter>
    <Filter Include="Файлы заголовков\Engine\Pipelines">
      <UniqueIdentifier>{d1007e85-eed4-4051-ad9a-c5ee5615d484}</UniqueIdentifier>
    </Filter>
    <Filter Include="Исходные файлы\Engine\Base">
      <UniqueIdentifier>{043d49e6-3ad0-49be-b3b2-9c35abefea0e}</UniqueIdentifier>
    </Filter>
    <Filter Include="Файлы заголовков\Engine\Base">
      <UniqueIdentifier>{55d51197-5eee-49e9-9282-f969f62c4a3a}</UniqueIdentifier>
    </Filter>
    <Filter Include="Исходные файлы\Engine\Graphics">
      <UniqueIdentifier>{d83d1e20-e03d-4a0a-b827-f2e04169e1d8}</UniqueIdentifier>
    </Filter>
    <Filter Include="Файлы заголовков\Engine\Graphics">
      <UniqueIdentifier>{a02971a0-71d1-4d20-9061-c9c7eeef9822}</UniqueIdentifier>
    </Filter>
    <Filter Include="Файлы ресурсов\Shaders\SSR">
      <UniqueIdentifier>{1840aa84-b66b-4798-ae71-b03e28de52ab}</UniqueIdentifier>
    </Filter>
    <Filter Include="Файлы ресурсов\Shaders\Merging">
      <UniqueIdentifier>{9459a864-b609-4743-ac58-5ccaf7c3c5fd}</UniqueIdentifier>
    </Filter>
  </ItemGroup>
  <ItemGroup>
    <ClCompile Include="DX12GE.cpp">
      <Filter>Исходные файлы</Filter>
    </ClCompile>
    <ClCompile Include="Game\KatamariGame.cpp">
      <Filter>Исходные файлы\Game</Filter>
    </ClCompile>
    <ClCompile Include="Game\Player.cpp">
      <Filter>Исходные файлы\Game</Filter>
    </ClCompile>
    <ClCompile Include="Engine\Pipelines\src\GeometryPassPipeline.cpp">
      <Filter>Исходные файлы\Engine\Pipelines</Filter>
    </ClCompile>
    <ClCompile Include="Engine\Pipelines\src\LightPassPipeline.cpp">
      <Filter>Исходные файлы\Engine\Pipelines</Filter>
    </ClCompile>
    <ClCompile Include="Engine\Pipelines\src\MergingPipeline.cpp">
      <Filter>Исходные файлы\Engine\Pipelines</Filter>
    </ClCompile>
    <ClCompile Include="Engine\Pipelines\src\ParticleComputePipeline.cpp">
      <Filter>Исходные файлы\Engine\Pipelines</Filter>
    </ClCompile>
    <ClCompile Include="Engine\Pipelines\src\ParticlePipeline.cpp">
      <Filter>Исходные файлы\Engine\Pipelines</Filter>
    </ClCompile>
    <ClCompile Include="Engine\Pipelines\src\Pipeline.cpp">
      <Filter>Исходные файлы\Engine\Pipelines</Filter>
    </ClCompile>
    <ClCompile Include="Engine\Pipelines\src\ShadowMapPipeline.cpp">
      <Filter>Исходные файлы\Engine\Pipelines</Filter>
    </ClCompile>
    <ClCompile Include="Engine\Pipelines\src\SimplePipeline.cpp">
      <Filter>Исходные файлы\Engine\Pipelines</Filter>
    </ClCompile>
    <ClCompile Include="Engine\Pipelines\src\TexturedPipeline.cpp">
      <Filter>Исходные файлы\Engine\Pipelines</Filter>
    </ClCompile>
    <ClCompile Include="Engine\Base\src\Application.cpp">
      <Filter>Исходные файлы\Engine\Base</Filter>
    </ClCompile>
    <ClCompile Include="Engine\Base\src\CommandQueue.cpp">
      <Filter>Исходные файлы\Engine\Base</Filter>
    </ClCompile>
    <ClCompile Include="Engine\Base\src\DescriptorHeaps.cpp">
      <Filter>Исходные файлы\Engine\Base</Filter>
    </ClCompile>
    <ClCompile Include="Engine\Base\src\DX12LibPCH.cpp">
      <Filter>Исходные файлы\Engine\Base</Filter>
    </ClCompile>
    <ClCompile Include="Engine\Base\src\Game.cpp">
      <Filter>Исходные файлы\Engine\Base</Filter>
    </ClCompile>
    <ClCompile Include="Engine\Base\src\HighResolutionClock.cpp">
      <Filter>Исходные файлы\Engine\Base</Filter>
    </ClCompile>
    <ClCompile Include="Engine\Base\src\SimpleMath.cpp">
      <Filter>Исходные файлы\Engine\Base</Filter>
    </ClCompile>
    <ClCompile Include="Engine\Base\src\UploadBuffer.cpp">
      <Filter>Исходные файлы\Engine\Base</Filter>
    </ClCompile>
    <ClCompile Include="Engine\Base\src\Window.cpp">
      <Filter>Исходные файлы\Engine\Base</Filter>
    </ClCompile>
    <ClCompile Include="Engine\BianEngineGame.cpp">
      <Filter>Исходные файлы\Engine</Filter>
    </ClCompile>
    <ClCompile Include="Engine\Graphics\src\AssimpModelLoader.cpp">
      <Filter>Исходные файлы\Engine\Graphics</Filter>
    </ClCompile>
    <ClCompile Include="Engine\Graphics\src\Camera.cpp">
      <Filter>Исходные файлы\Engine\Graphics</Filter>
    </ClCompile>
    <ClCompile Include="Engine\Graphics\src\CascadedShadowMap.cpp">
      <Filter>Исходные файлы\Engine\Graphics</Filter>
    </ClCompile>
    <ClCompile Include="Engine\Graphics\src\DebugRenderSystem.cpp">
      <Filter>Исходные файлы\Engine\Graphics</Filter>
    </ClCompile>
    <ClCompile Include="Engine\Graphics\src\DepthBuffer.cpp">
      <Filter>Исходные файлы\Engine\Graphics</Filter>
    </ClCompile>
    <ClCompile Include="Engine\Graphics\src\GBuffer.cpp">
      <Filter>Исходные файлы\Engine\Graphics</Filter>
    </ClCompile>
    <ClCompile Include="Engine\Graphics\src\LightManager.cpp">
      <Filter>Исходные файлы\Engine\Graphics</Filter>
    </ClCompile>
    <ClCompile Include="Engine\Graphics\src\MaterialEntity.cpp">
      <Filter>Исходные файлы\Engine\Graphics</Filter>
    </ClCompile>
    <ClCompile Include="Engine\Graphics\src\Mesh3DComponent.cpp">
      <Filter>Исходные файлы\Engine\Graphics</Filter>
    </ClCompile>
    <ClCompile Include="Engine\Graphics\src\Object3DEntity.cpp">
      <Filter>Исходные файлы\Engine\Graphics</Filter>
    </ClCompile>
    <ClCompile Include="Engine\Graphics\src\ParticleSystem.cpp">
      <Filter>Исходные файлы\Engine\Graphics</Filter>
    </ClCompile>
    <ClCompile Include="Engine\Graphics\src\ShaderResources.cpp">
      <Filter>Исходные файлы\Engine\Graphics</Filter>
    </ClCompile>
    <ClCompile Include="Engine\Graphics\src\ShadowMap.cpp">
      <Filter>Исходные файлы\Engine\Graphics</Filter>
    </ClCompile>
    <ClCompile Include="Engine\Graphics\src\TextureComponent.cpp">
      <Filter>Исходные файлы\Engine\Graphics</Filter>
    </ClCompile>
    <ClCompile Include="Engine\Graphics\src\Texture3D.cpp">
      <Filter>Исходные файлы\Engine\Graphics</Filter>
    </ClCompile>
    <ClCompile Include="Engine\Pipelines\src\SSRPipeline.cpp">
      <Filter>Исходные файлы\Engine\Pipelines</Filter>
    </ClCompile>
    <ClCompile Include="Engine\Graphics\src\TextureBuffer.cpp">
      <Filter>Исходные файлы\Engine\Graphics</Filter>
    </ClCompile>
    <ClCompile Include="Engine\Graphics\src\CurrentPass.cpp">
      <Filter>Исходные файлы\Engine\Graphics</Filter>
    </ClCompile>
    <ClCompile Include="Engine\Graphics\src\ResourceStorage.cpp">
      <Filter>Исходные файлы\Engine\Graphics</Filter>
    </ClCompile>
    <ClCompile Include="Engine\Graphics\src\Object3DComponent.cpp">
      <Filter>Исходные файлы\Engine\Graphics</Filter>
    </ClCompile>
    <ClCompile Include="Engine\Graphics\src\TransformComponent.cpp">
      <Filter>Исходные файлы\Engine\Graphics</Filter>
    </ClCompile>
  </ItemGroup>
  <ItemGroup>
    <ClInclude Include="Game\KatamariGame.h">
      <Filter>Файлы заголовков\Game</Filter>
    </ClInclude>
    <ClInclude Include="Game\Player.h">
      <Filter>Файлы заголовков\Game</Filter>
    </ClInclude>
    <ClInclude Include="Engine\Pipelines\GeometryPassPipeline.h">
      <Filter>Файлы заголовков\Engine\Pipelines</Filter>
    </ClInclude>
    <ClInclude Include="Engine\Pipelines\LightPassPipeline.h">
      <Filter>Файлы заголовков\Engine\Pipelines</Filter>
    </ClInclude>
    <ClInclude Include="Engine\Pipelines\MergingPipeline.h">
      <Filter>Файлы заголовков\Engine\Pipelines</Filter>
    </ClInclude>
    <ClInclude Include="Engine\Pipelines\ParticleComputePipeline.h">
      <Filter>Файлы заголовков\Engine\Pipelines</Filter>
    </ClInclude>
    <ClInclude Include="Engine\Pipelines\ParticlePipeline.h">
      <Filter>Файлы заголовков\Engine\Pipelines</Filter>
    </ClInclude>
    <ClInclude Include="Engine\Pipelines\Pipeline.h">
      <Filter>Файлы заголовков\Engine\Pipelines</Filter>
    </ClInclude>
    <ClInclude Include="Engine\Pipelines\ShadowMapPipeline.h">
      <Filter>Файлы заголовков\Engine\Pipelines</Filter>
    </ClInclude>
    <ClInclude Include="Engine\Pipelines\SimplePipeline.h">
      <Filter>Файлы заголовков\Engine\Pipelines</Filter>
    </ClInclude>
    <ClInclude Include="Engine\Pipelines\TexturedPipeline.h">
      <Filter>Файлы заголовков\Engine\Pipelines</Filter>
    </ClInclude>
    <ClInclude Include="Engine\Base\Application.h">
      <Filter>Файлы заголовков\Engine\Base</Filter>
    </ClInclude>
    <ClInclude Include="Engine\Base\CommandQueue.h">
      <Filter>Файлы заголовков\Engine\Base</Filter>
    </ClInclude>
    <ClInclude Include="Engine\Base\d3dx12.h">
      <Filter>Файлы заголовков\Engine\Base</Filter>
    </ClInclude>
    <ClInclude Include="Engine\Base\DescriptorHeaps.h">
      <Filter>Файлы заголовков\Engine\Base</Filter>
    </ClInclude>
    <ClInclude Include="Engine\Base\DX12LibPCH.h">
      <Filter>Файлы заголовков\Engine\Base</Filter>
    </ClInclude>
    <ClInclude Include="Engine\Base\Events.h">
      <Filter>Файлы заголовков\Engine\Base</Filter>
    </ClInclude>
    <ClInclude Include="Engine\Base\Game.h">
      <Filter>Файлы заголовков\Engine\Base</Filter>
    </ClInclude>
    <ClInclude Include="Engine\Base\Helpers.h">
      <Filter>Файлы заголовков\Engine\Base</Filter>
    </ClInclude>
    <ClInclude Include="Engine\Base\HighResolutionClock.h">
      <Filter>Файлы заголовков\Engine\Base</Filter>
    </ClInclude>
    <ClInclude Include="Engine\Base\KeyCodes.h">
      <Filter>Файлы заголовков\Engine\Base</Filter>
    </ClInclude>
    <ClInclude Include="Engine\Base\resource (2).h">
      <Filter>Файлы заголовков\Engine\Base</Filter>
    </ClInclude>
    <ClInclude Include="Engine\Base\resource.h">
      <Filter>Файлы заголовков\Engine\Base</Filter>
    </ClInclude>
    <ClInclude Include="Engine\Base\SimpleMath.h">
      <Filter>Файлы заголовков\Engine\Base</Filter>
    </ClInclude>
    <ClInclude Include="Engine\Base\UploadBuffer.h">
      <Filter>Файлы заголовков\Engine\Base</Filter>
    </ClInclude>
    <ClInclude Include="Engine\Base\Window.h">
      <Filter>Файлы заголовков\Engine\Base</Filter>
    </ClInclude>
    <ClInclude Include="Engine\BianEngineGame.h">
      <Filter>Файлы заголовков\Engine</Filter>
    </ClInclude>
    <ClInclude Include="Engine\Graphics\AssimpModelLoader.h">
      <Filter>Файлы заголовков\Engine\Graphics</Filter>
    </ClInclude>
    <ClInclude Include="Engine\Graphics\Camera.h">
      <Filter>Файлы заголовков\Engine\Graphics</Filter>
    </ClInclude>
    <ClInclude Include="Engine\Graphics\CascadedShadowMap.h">
      <Filter>Файлы заголовков\Engine\Graphics</Filter>
    </ClInclude>
    <ClInclude Include="Engine\Graphics\DebugRenderSystem.h">
      <Filter>Файлы заголовков\Engine\Graphics</Filter>
    </ClInclude>
    <ClInclude Include="Engine\Graphics\DepthBuffer.h">
      <Filter>Файлы заголовков\Engine\Graphics</Filter>
    </ClInclude>
    <ClInclude Include="Engine\Graphics\GBuffer.h">
      <Filter>Файлы заголовков\Engine\Graphics</Filter>
    </ClInclude>
    <ClInclude Include="Engine\Graphics\LightManager.h">
      <Filter>Файлы заголовков\Engine\Graphics</Filter>
    </ClInclude>
    <ClInclude Include="Engine\Graphics\MaterialEntity.h">
      <Filter>Файлы заголовков\Engine\Graphics</Filter>
    </ClInclude>
    <ClInclude Include="Engine\Graphics\Mesh3DComponent.h">
      <Filter>Файлы заголовков\Engine\Graphics</Filter>
    </ClInclude>
    <ClInclude Include="Engine\Graphics\Object3DEntity.h">
      <Filter>Файлы заголовков\Engine\Graphics</Filter>
    </ClInclude>
    <ClInclude Include="Engine\Graphics\ParticleSystem.h">
      <Filter>Файлы заголовков\Engine\Graphics</Filter>
    </ClInclude>
    <ClInclude Include="Engine\Graphics\ShaderResources.h">
      <Filter>Файлы заголовков\Engine\Graphics</Filter>
    </ClInclude>
    <ClInclude Include="Engine\Graphics\ShadowMap.h">
      <Filter>Файлы заголовков\Engine\Graphics</Filter>
    </ClInclude>
    <ClInclude Include="Engine\Graphics\TextureComponent.h">
      <Filter>Файлы заголовков\Engine\Graphics</Filter>
    </ClInclude>
    <ClInclude Include="Engine\Graphics\Texture3D.h">
      <Filter>Файлы заголовков\Engine\Graphics</Filter>
    </ClInclude>
    <ClInclude Include="Engine\Graphics\VertexStructures.h">
      <Filter>Файлы заголовков\Engine\Graphics</Filter>
    </ClInclude>
    <ClInclude Include="Engine\Pipelines\SSRPipeline.h">
      <Filter>Файлы заголовков\Engine\Pipelines</Filter>
    </ClInclude>
    <ClInclude Include="Engine\Graphics\TextureBuffer.h">
      <Filter>Файлы заголовков\Engine\Graphics</Filter>
    </ClInclude>
    <ClInclude Include="Engine\Graphics\CurrentPass.h">
      <Filter>Файлы заголовков\Engine\Graphics</Filter>
    </ClInclude>
    <ClInclude Include="Engine\Graphics\ResourceStorage.h">
      <Filter>Файлы заголовков\Engine\Graphics</Filter>
    </ClInclude>
    <ClInclude Include="Engine\Graphics\Object3DComponent.h">
      <Filter>Файлы заголовков\Engine\Graphics</Filter>
    </ClInclude>
    <ClInclude Include="Engine\Graphics\TransformComponent.h">
      <Filter>Файлы заголовков\Engine\Graphics</Filter>
    </ClInclude>
  </ItemGroup>
  <ItemGroup>
    <ResourceCompile Include="DX12GE.rc">
      <Filter>Файлы ресурсов</Filter>
    </ResourceCompile>
  </ItemGroup>
  <ItemGroup>
    <Image Include="Resources\BE_ICON.ico">
      <Filter>Файлы ресурсов</Filter>
    </Image>
    <Image Include="icon1.ico">
      <Filter>Файлы ресурсов</Filter>
    </Image>
    <Image Include="Resources\BE_ICON2.ico">
      <Filter>Файлы ресурсов</Filter>
    </Image>
  </ItemGroup>
  <ItemGroup>
    <FxCompile Include="Resources\Shaders\PixelShader.hlsl">
      <Filter>Файлы ресурсов\Shaders\Default</Filter>
    </FxCompile>
    <FxCompile Include="Resources\Shaders\VertexShader.hlsl">
      <Filter>Файлы ресурсов\Shaders\Default</Filter>
    </FxCompile>
    <FxCompile Include="Resources\Shaders\SimplePixelShader.hlsl">
      <Filter>Файлы ресурсов\Shaders\Simple</Filter>
    </FxCompile>
    <FxCompile Include="Resources\Shaders\SimpleVertexShader.hlsl">
      <Filter>Файлы ресурсов\Shaders\Simple</Filter>
    </FxCompile>
    <FxCompile Include="Resources\Shaders\TexturedPixelShader.hlsl">
      <Filter>Файлы ресурсов\Shaders\Textured</Filter>
    </FxCompile>
    <FxCompile Include="Resources\Shaders\TexturedVertexShader.hlsl">
      <Filter>Файлы ресурсов\Shaders\Textured</Filter>
    </FxCompile>
    <FxCompile Include="Resources\Shaders\ShadowMapPixelShader.hlsl">
      <Filter>Файлы ресурсов\Shaders\Shadow</Filter>
    </FxCompile>
    <FxCompile Include="Resources\Shaders\ShadowMapVertexShader.hlsl">
      <Filter>Файлы ресурсов\Shaders\Shadow</Filter>
    </FxCompile>
    <FxCompile Include="Resources\Shaders\GeometryPassPixelShader.hlsl">
      <Filter>Файлы ресурсов\Shaders\GeometryPass</Filter>
    </FxCompile>
    <FxCompile Include="Resources\Shaders\GeometryPassVertexShader.hlsl">
      <Filter>Файлы ресурсов\Shaders\GeometryPass</Filter>
    </FxCompile>
    <FxCompile Include="Resources\Shaders\LightPassPixelShader.hlsl">
      <Filter>Файлы ресурсов\Shaders\LightPass</Filter>
    </FxCompile>
    <FxCompile Include="Resources\Shaders\LightPassVertexShader.hlsl">
      <Filter>Файлы ресурсов\Shaders\LightPass</Filter>
    </FxCompile>
    <FxCompile Include="Resources\Shaders\ParticleSystemShaders\ParticleVertexShader.hlsl">
      <Filter>Файлы ресурсов\Shaders\ParticleSystem</Filter>
    </FxCompile>
    <FxCompile Include="Resources\Shaders\ParticleSystemShaders\ParticlePixelShader.hlsl">
      <Filter>Файлы ресурсов\Shaders\ParticleSystem</Filter>
    </FxCompile>
    <FxCompile Include="Resources\Shaders\ParticleSystemShaders\ParticleGeometryShader.hlsl">
      <Filter>Файлы ресурсов\Shaders\ParticleSystem</Filter>
    </FxCompile>
    <FxCompile Include="Resources\Shaders\ParticleSystemShaders\ParticleComputeShader.hlsl">
      <Filter>Файлы ресурсов\Shaders\ParticleSystem</Filter>
    </FxCompile>
    <FxCompile Include="Resources\Shaders\ParticleSystemShaders\SortParticleComputeShader.hlsl">
      <Filter>Файлы ресурсов\Shaders\ParticleSystem</Filter>
    </FxCompile>
    <FxCompile Include="Resources\Shaders\MergingPixelShader.hlsl">
      <Filter>Файлы ресурсов\Shaders\Merging</Filter>
    </FxCompile>
    <FxCompile Include="Resources\Shaders\MergingVertexShader.hlsl">
      <Filter>Файлы ресурсов\Shaders\Merging</Filter>
    </FxCompile>
    <FxCompile Include="Resources\Shaders\SSRPixelShader.hlsl">
      <Filter>Файлы ресурсов\Shaders\SSR</Filter>
    </FxCompile>
    <FxCompile Include="Resources\Shaders\SSRVertexShader.hlsl">
      <Filter>Файлы ресурсов\Shaders\SSR</Filter>
    </FxCompile>
  </ItemGroup>
  <ItemGroup>
    <None Include="packages.config" />
    <None Include="Engine\Base\SimpleMath.inl">
      <Filter>Файлы заголовков\Engine\Base</Filter>
    </None>
    <None Include="..\README.md" />
  </ItemGroup>
</Project>